name: Update flake.lock

# flake inputs (nixpkgs, home-manager 等) を定期的に更新して PR を自動作成する。
# nix.yml の CI (flake check + Docker 内での build & activate) が更新の安全網になる。
# Periodically bump flake inputs and open a PR; nix.yml CI (flake check +
# build & activate inside the Arch container) acts as the safety net.
#
# コミット作成は GitHub GraphQL API の createCommitOnBranch 経由 (planetscale/ghcommit-action
# を利用)。GitHub の web-flow 鍵で自動署名され Verified になるため、main の ruleset の
# required_signatures を通過できる。git CLI で直接コミットすると Unverified になり
# マージがブロックされる (#449, 実例: PR #438 は手動 rebase --gpg-sign で救済した)。
# Commits are created via the GitHub GraphQL createCommitOnBranch mutation (through
# planetscale/ghcommit-action), so they're auto-signed with GitHub's web-flow key and
# show as Verified, satisfying main's required_signatures ruleset. A plain git-CLI
# commit would be Unverified and block the merge (#449; PR #438 needed a manual
# git rebase --gpg-sign to get unblocked).
#
# NOTE: GITHUB_TOKEN が作成した PR には CI が自動で走らない (GitHub の仕様)。
# CI を走らせるには PR を close/reopen するか、ブランチに空 push する。
# PRs created with GITHUB_TOKEN do not trigger workflows; close/reopen the PR
# (or push to its branch) to kick off CI.

on:
  schedule:
    - cron: '0 3 * * 1' # 毎週月曜 03:00 UTC (12:00 JST) / weekly on Monday
  workflow_dispatch: # 手動実行 / manual trigger

# 多重実行防止: schedule と手動実行が重なっても、同じ update ブランチへの
# push が競合しないよう常に1つだけ走らせる (実行中があれば待機)
# Prevent overlapping runs (schedule + manual) from racing on the same
# update branch; queue instead of cancelling.
concurrency:
  group: update-flake-lock
  cancel-in-progress: false

jobs:
  update-flake-lock:
    runs-on: ubuntu-latest
    permissions:
      contents: write
      pull-requests: write
    steps:
      - name: Checkout repository
        uses: actions/checkout@v4
        with:
          # PAT (secrets.FLAKE_UPDATE_TOKEN) を設定すると作成された PR で CI が自動起動する。
          # 未設定なら github.token にフォールバック (ヘッダー記載のとおり CI は手動起動)。
          # With a PAT in secrets.FLAKE_UPDATE_TOKEN the created PR triggers CI
          # automatically; falls back to github.token otherwise (manual CI kick).
          token: ${{ secrets.FLAKE_UPDATE_TOKEN || github.token }}

      # SHA pin: supply-chain 対策で mutable な @main を使わない (コメントは対応する tag)
      # SHA-pinned to avoid mutable @main refs; trailing comment shows the tag
      - name: Install Nix
        uses: DeterminateSystems/nix-installer-action@ef8a148080ab6020fd15196c2084a2eea5ff2d25 # v22

      - name: Update flake.lock
        run: nix flake update

      - name: Check for changes
        id: diff
        run: |
          if git diff --quiet -- flake.lock; then
            echo "changed=false" >> "$GITHUB_OUTPUT"
          else
            echo "changed=true" >> "$GITHUB_OUTPUT"
          fi

      # update_flake_lock_action_verify449 ブランチは main の ruleset (required_signatures 等) の
      # 対象外なので、base の最新コミットを指すだけの ref 更新は素の git push でよい。
      # 新規コミットを作らないため署名は不要。次回実行時も同じブランチ名を base の
      # 最新コミットへ reset することで、常に main+1コミットのクリーンな状態を保つ。
      # The update_flake_lock_action_verify449 branch isn't covered by main's ruleset (which only
      # targets the default branch), so a plain git push that just moves the ref to
      # base's latest commit is fine here — no new commit is created, so no signature
      # is needed. Resetting the same branch name every run keeps it as a clean
      # base+1-commit state instead of accumulating drift.
      - name: Reset update branch onto latest base
        if: steps.diff.outputs.changed == 'true'
        run: git push origin "HEAD:refs/heads/update_flake_lock_action_verify449" --force

      # SHA pin: supply-chain 対策で mutable な @main を使わない (コメントは対応する tag)
      # SHA-pinned to avoid mutable @main refs; trailing comment shows the tag
      - name: Commit flake.lock via createCommitOnBranch
        if: steps.diff.outputs.changed == 'true'
        uses: planetscale/ghcommit-action@a6b150b81dca5dd027baa898604418eec9e11465 # v0.2.22
        with:
          commit_message: 'build(nix): flake.lock を更新'
          repo: ${{ github.repository }}
          branch: update_flake_lock_action_verify449
          file_pattern: 'flake.lock'
        env:
          # PAT (secrets.FLAKE_UPDATE_TOKEN) を設定すると作成された PR で CI が自動起動する。
          # 未設定なら github.token にフォールバック (ヘッダー記載のとおり CI は手動起動)。
          # With a PAT in secrets.FLAKE_UPDATE_TOKEN the created PR triggers CI
          # automatically; falls back to github.token otherwise (manual CI kick).
          GITHUB_TOKEN: ${{ secrets.FLAKE_UPDATE_TOKEN || github.token }}

      - name: Create pull request if none exists
        if: steps.diff.outputs.changed == 'true'
        env:
          GH_TOKEN: ${{ secrets.FLAKE_UPDATE_TOKEN || github.token }}
        run: |
          if ! gh pr view update_flake_lock_action_verify449 --json number >/dev/null 2>&1; then
            gh pr create \
              --base main \
              --head update_flake_lock_action_verify449 \
              --title 'build(nix): flake.lock を更新' \
              --body 'nix flake update による自動更新です。createCommitOnBranch 経由の Verified コミットなので、main の required_signatures を通過してマージできます。' \
              --label nix
          fi
